
Microsoft Visual Studio Solution File, Format Version 12.00
# Visual Studio Version 17
VisualStudioVersion = 17.12.35527.113 d17.12
MinimumVisualStudioVersion = 10.0.40219.1
Project("{FAE04EC0-301F-11D3-BF4B-00C04F79EFBC}") = "Items.Manager.Server", "Items.Manager.Server\Items.Manager.Server.csproj", "{93CB1BAA-A120-45B9-BF3A-397F8011D7C1}"
EndProject
Project("{54A90642-561A-4BB1-A94E-469ADEE60C69}") = "items.manager.Client", "items.manager.client\items.manager.Client.esproj", "{D45FED12-14B9-4BB9-B4D5-2ECCF871157F}"
EndProject
Project("{FAE04EC0-301F-11D3-BF4B-00C04F79EFBC}") = "Items.Manager.Domain", "Items.Manager.Domain\Items.Manager.Domain.csproj", "{70750702-F691-42A9-B2B1-365F769FF8C5}"
EndProject
Project("{FAE04EC0-301F-11D3-BF4B-00C04F79EFBC}") = "Items.Manager.Application", "Items.Manager.Application\Items.Manager.Application.csproj", "{701C7088-4990-467A-BAE8-5B53637FE0E2}"
EndProject
Project("{2150E333-8FDC-42A3-9474-1A3956D46DE8}") = "Core", "Core", "{E64E1346-31D2-497D-A591-3CF1D9DC1EED}"
EndProject
Project("{FAE04EC0-301F-11D3-BF4B-00C04F79EFBC}") = "Items.Manager.Infrastructure", "Items.Manager.Infrastructure\Items.Manager.Infrastructure.csproj", "{0E081034-B401-4A01-B248-228DC1F82048}"
EndProject
Project("{2150E333-8FDC-42A3-9474-1A3956D46DE8}") = "Server", "Server", "{FFC1160D-8ACF-4B9F-9C84-D9BC78A9B839}"
EndProject
Global
	GlobalSection(SolutionConfigurationPlatforms) = preSolution
		Debug|Any CPU = Debug|Any CPU
		Release|Any CPU = Release|Any CPU
	EndGlobalSection
	GlobalSection(ProjectConfigurationPlatforms) = postSolution
		{93CB1BAA-A120-45B9-BF3A-397F8011D7C1}.Debug|Any CPU.ActiveCfg = Debug|Any CPU
		{93CB1BAA-A120-45B9-BF3A-397F8011D7C1}.Debug|Any CPU.Build.0 = Debug|Any CPU
		{93CB1BAA-A120-45B9-BF3A-397F8011D7C1}.Release|Any CPU.ActiveCfg = Release|Any CPU
		{93CB1BAA-A120-45B9-BF3A-397F8011D7C1}.Release|Any CPU.Build.0 = Release|Any CPU
		{D45FED12-14B9-4BB9-B4D5-2ECCF871157F}.Debug|Any CPU.ActiveCfg = Debug|Any CPU
		{D45FED12-14B9-4BB9-B4D5-2ECCF871157F}.Debug|Any CPU.Build.0 = Debug|Any CPU
		{D45FED12-14B9-4BB9-B4D5-2ECCF871157F}.Debug|Any CPU.Deploy.0 = Debug|Any CPU
		{D45FED12-14B9-4BB9-B4D5-2ECCF871157F}.Release|Any CPU.ActiveCfg = Release|Any CPU
		{D45FED12-14B9-4BB9-B4D5-2ECCF871157F}.Release|Any CPU.Build.0 = Release|Any CPU
		{D45FED12-14B9-4BB9-B4D5-2ECCF871157F}.Release|Any CPU.Deploy.0 = Release|Any CPU
		{70750702-F691-42A9-B2B1-365F769FF8C5}.Debug|Any CPU.ActiveCfg = Debug|Any CPU
		{70750702-F691-42A9-B2B1-365F769FF8C5}.Debug|Any CPU.Build.0 = Debug|Any CPU
		{70750702-F691-42A9-B2B1-365F769FF8C5}.Release|Any CPU.ActiveCfg = Release|Any CPU
		{70750702-F691-42A9-B2B1-365F769FF8C5}.Release|Any CPU.Build.0 = Release|Any CPU
		{701C7088-4990-467A-BAE8-5B53637FE0E2}.Debug|Any CPU.ActiveCfg = Debug|Any CPU
		{701C7088-4990-467A-BAE8-5B53637FE0E2}.Debug|Any CPU.Build.0 = Debug|Any CPU
		{701C7088-4990-467A-BAE8-5B53637FE0E2}.Release|Any CPU.ActiveCfg = Release|Any CPU
		{701C7088-4990-467A-BAE8-5B53637FE0E2}.Release|Any CPU.Build.0 = Release|Any CPU
		{0E081034-B401-4A01-B248-228DC1F82048}.Debug|Any CPU.ActiveCfg = Debug|Any CPU
		{0E081034-B401-4A01-B248-228DC1F82048}.Debug|Any CPU.Build.0 = Debug|Any CPU
		{0E081034-B401-4A01-B248-228DC1F82048}.Release|Any CPU.ActiveCfg = Release|Any CPU
		{0E081034-B401-4A01-B248-228DC1F82048}.Release|Any CPU.Build.0 = Release|Any CPU
	EndGlobalSection
	GlobalSection(SolutionProperties) = preSolution
		HideSolutionNode = FALSE
	EndGlobalSection
	GlobalSection(NestedProjects) = preSolution
		{93CB1BAA-A120-45B9-BF3A-397F8011D7C1} = {FFC1160D-8ACF-4B9F-9C84-D9BC78A9B839}
		{70750702-F691-42A9-B2B1-365F769FF8C5} = {E64E1346-31D2-497D-A591-3CF1D9DC1EED}
		{701C7088-4990-467A-BAE8-5B53637FE0E2} = {E64E1346-31D2-497D-A591-3CF1D9DC1EED}
		{E64E1346-31D2-497D-A591-3CF1D9DC1EED} = {FFC1160D-8ACF-4B9F-9C84-D9BC78A9B839}
		{0E081034-B401-4A01-B248-228DC1F82048} = {FFC1160D-8ACF-4B9F-9C84-D9BC78A9B839}
	EndGlobalSection
EndGlobal
